dependencies:
- name: postgresql
  repository: https://charts.bitnami.com/bitnami
  version: 13.2.0
- name: redis
  repository: https://charts.bitnami.com/bitnami
  version: 18.5.0
- name: replicated-sdk
  repository: oci://registry.replicated.com/library
  version: 1.2.0
digest: sha256:ec96cc6b0b6a14cca372aa07116850fc93c7b28f6a40e398f610fc610e3ad110
generated: "2026-05-07T15:02:15.965656-05:00"
